PODS:
  - boost (1.76.0)
  - DoubleConversion (1.1.6)
  - FBLazyVector (0.70.15)
  - FBReactNativeSpec (0.70.15):
    - RCT-Folly (= 2021.07.22.00)
    - RCTRequired (= 0.70.15)
    - RCTTypeSafety (= 0.70.15)
    - React-Core (= 0.70.15)
    - React-jsi (= 0.70.15)
    - ReactCommon/turbomodule/core (= 0.70.15)
  - fmt (6.2.1)
  - glog (0.3.5)
  - hermes-engine (0.70.15)
  - libevent (2.1.12)
  - RCT-Folly (2021.07.22.00):
    - boost
    - DoubleConversion
    - fmt (~> 6.2.1)
    - glog
    - RCT-Folly/Default (= 2021.07.22.00)
  - RCT-Folly/Default (2021.07.22.00):
    - boost
    - DoubleConversion
    - fmt (~> 6.2.1)
    - glog
  - RCT-Folly/Futures (2021.07.22.00):
    - boost
    - DoubleConversion
    - fmt (~> 6.2.1)
    - glog
    - libevent
  - RCTRequired (0.70.15)
  - RCTTypeSafety (0.70.15):
    - FBLazyVector (= 0.70.15)
    - RCTRequired (= 0.70.15)
    - React-Core (= 0.70.15)
  - React (0.70.15):
    - React-Core (= 0.70.15)
    - React-Core/DevSupport (= 0.70.15)
    - React-Core/RCTWebSocket (= 0.70.15)
    - React-RCTActionSheet (= 0.70.15)
    - React-RCTAnimation (= 0.70.15)
    - React-RCTBlob (= 0.70.15)
    - React-RCTImage (= 0.70.15)
    - React-RCTLinking (= 0.70.15)
    - React-RCTNetwork (= 0.70.15)
    - React-RCTSettings (= 0.70.15)
    - React-RCTText (= 0.70.15)
    - React-RCTVibration (= 0.70.15)
  - React-bridging (0.70.15):
    - RCT-Folly (= 2021.07.22.00)
    - React-jsi (= 0.70.15)
  - React-callinvoker (0.70.15)
  - React-Codegen (0.70.15):
    - FBReactNativeSpec (= 0.70.15)
    - RCT-Folly (= 2021.07.22.00)
    - RCTRequired (= 0.70.15)
    - RCTTypeSafety (= 0.70.15)
    - React-Core (= 0.70.15)
    - React-jsi (= 0.70.15)
    - React-jsiexecutor (= 0.70.15)
    - ReactCommon/turbomodule/core (= 0.70.15)
  - React-Core (0.70.15):
    - glog
    - RCT-Folly (= 2021.07.22.00)
    - React-Core/Default (= 0.70.15)
    - React-cxxreact (= 0.70.15)
    - React-jsi (= 0.70.15)
    - React-jsiexecutor (= 0.70.15)
    - React-perflogger (= 0.70.15)
    - Yoga
  - React-Core/CoreModulesHeaders (0.70.15):
    - glog
    - RCT-Folly (= 2021.07.22.00)
    - React-Core/Default
    - React-cxxreact (= 0.70.15)
    - React-jsi (= 0.70.15)
    - React-jsiexecutor (= 0.70.15)
    - React-perflogger (= 0.70.15)
    - Yoga
  - React-Core/Default (0.70.15):
    - glog
    - RCT-Folly (= 2021.07.22.00)
    - React-cxxreact (= 0.70.15)
    - React-jsi (= 0.70.15)
    - React-jsiexecutor (= 0.70.15)
    - React-perflogger (= 0.70.15)
    - Yoga
  - React-Core/DevSupport (0.70.15):
    - glog
    - RCT-Folly (= 2021.07.22.00)
    - React-Core/Default (= 0.70.15)
    - React-Core/RCTWebSocket (= 0.70.15)
    - React-cxxreact (= 0.70.15)
    - React-jsi (= 0.70.15)
    - React-jsiexecutor (= 0.70.15)
    - React-jsinspector (= 0.70.15)
    - React-perflogger (= 0.70.15)
    - Yoga
  - React-Core/RCTActionSheetHeaders (0.70.15):
    - glog
    - RCT-Folly (= 2021.07.22.00)
    - React-Core/Default
    - React-cxxreact (= 0.70.15)
    - React-jsi (= 0.70.15)
    - React-jsiexecutor (= 0.70.15)
    - React-perflogger (= 0.70.15)
    - Yoga
  - React-Core/RCTAnimationHeaders (0.70.15):
    - glog
    - RCT-Folly (= 2021.07.22.00)
    - React-Core/Default
    - React-cxxreact (= 0.70.15)
    - React-jsi (= 0.70.15)
    - React-jsiexecutor (= 0.70.15)
    - React-perflogger (= 0.70.15)
    - Yoga
  - React-Core/RCTBlobHeaders (0.70.15):
    - glog
    - RCT-Folly (= 2021.07.22.00)
    - React-Core/Default
    - React-cxxreact (= 0.70.15)
    - React-jsi (= 0.70.15)
    - React-jsiexecutor (= 0.70.15)
    - React-perflogger (= 0.70.15)
    - Yoga
  - React-Core/RCTImageHeaders (0.70.15):
    - glog
    - RCT-Folly (= 2021.07.22.00)
    - React-Core/Default
    - React-cxxreact (= 0.70.15)
    - React-jsi (= 0.70.15)
    - React-jsiexecutor (= 0.70.15)
    - React-perflogger (= 0.70.15)
    - Yoga
  - React-Core/RCTLinkingHeaders (0.70.15):
    - glog
    - RCT-Folly (= 2021.07.22.00)
    - React-Core/Default
    - React-cxxreact (= 0.70.15)
    - React-jsi (= 0.70.15)
    - React-jsiexecutor (= 0.70.15)
    - React-perflogger (= 0.70.15)
    - Yoga
  - React-Core/RCTNetworkHeaders (0.70.15):
    - glog
    - RCT-Folly (= 2021.07.22.00)
    - React-Core/Default
    - React-cxxreact (= 0.70.15)
    - React-jsi (= 0.70.15)
    - React-jsiexecutor (= 0.70.15)
    - React-perflogger (= 0.70.15)
    - Yoga
  - React-Core/RCTSettingsHeaders (0.70.15):
    - glog
    - RCT-Folly (= 2021.07.22.00)
    - React-Core/Default
    - React-cxxreact (= 0.70.15)
    - React-jsi (= 0.70.15)
    - React-jsiexecutor (= 0.70.15)
    - React-perflogger (= 0.70.15)
    - Yoga
  - React-Core/RCTTextHeaders (0.70.15):
    - glog
    - RCT-Folly (= 2021.07.22.00)
    - React-Core/Default
    - React-cxxreact (= 0.70.15)
    - React-jsi (= 0.70.15)
    - React-jsiexecutor (= 0.70.15)
    - React-perflogger (= 0.70.15)
    - Yoga
  - React-Core/RCTVibrationHeaders (0.70.15):
    - glog
    - RCT-Folly (= 2021.07.22.00)
    - React-Core/Default
    - React-cxxreact (= 0.70.15)
    - React-jsi (= 0.70.15)
    - React-jsiexecutor (= 0.70.15)
    - React-perflogger (= 0.70.15)
    - Yoga
  - React-Core/RCTWebSocket (0.70.15):
    - glog
    - RCT-Folly (= 2021.07.22.00)
    - React-Core/Default (= 0.70.15)
    - React-cxxreact (= 0.70.15)
    - React-jsi (= 0.70.15)
    - React-jsiexecutor (= 0.70.15)
    - React-perflogger (= 0.70.15)
    - Yoga
  - React-CoreModules (0.70.15):
    - RCT-Folly (= 2021.07.22.00)
    - RCTTypeSafety (= 0.70.15)
    - React-Codegen (= 0.70.15)
    - React-Core/CoreModulesHeaders (= 0.70.15)
    - React-jsi (= 0.70.15)
    - React-RCTImage (= 0.70.15)
    - ReactCommon/turbomodule/core (= 0.70.15)
  - React-cxxreact (0.70.15):
    - boost (= 1.76.0)
    - DoubleConversion
    - glog
    - RCT-Folly (= 2021.07.22.00)
    - React-callinvoker (= 0.70.15)
    - React-jsi (= 0.70.15)
    - React-jsinspector (= 0.70.15)
    - React-logger (= 0.70.15)
    - React-perflogger (= 0.70.15)
    - React-runtimeexecutor (= 0.70.15)
  - React-hermes (0.70.15):
    - DoubleConversion
    - glog
    - hermes-engine
    - RCT-Folly (= 2021.07.22.00)
    - RCT-Folly/Futures (= 2021.07.22.00)
    - React-cxxreact (= 0.70.15)
    - React-jsi (= 0.70.15)
    - React-jsiexecutor (= 0.70.15)
    - React-jsinspector (= 0.70.15)
    - React-perflogger (= 0.70.15)
  - React-jsi (0.70.15):
    - boost (= 1.76.0)
    - DoubleConversion
    - glog
    - RCT-Folly (= 2021.07.22.00)
    - React-jsi/Default (= 0.70.15)
  - React-jsi/Default (0.70.15):
    - boost (= 1.76.0)
    - DoubleConversion
    - glog
    - RCT-Folly (= 2021.07.22.00)
  - React-jsiexecutor (0.70.15):
    - DoubleConversion
    - glog
    - RCT-Folly (= 2021.07.22.00)
    - React-cxxreact (= 0.70.15)
    - React-jsi (= 0.70.15)
    - React-perflogger (= 0.70.15)
  - React-jsinspector (0.70.15)
  - React-logger (0.70.15):
    - glog
  - react-native-slider (4.4.2):
    - React-Core
  - React-perflogger (0.70.15)
  - React-RCTActionSheet (0.70.15):
    - React-Core/RCTActionSheetHeaders (= 0.70.15)
  - React-RCTAnimation (0.70.15):
    - RCT-Folly (= 2021.07.22.00)
    - RCTTypeSafety (= 0.70.15)
    - React-Codegen (= 0.70.15)
    - React-Core/RCTAnimationHeaders (= 0.70.15)
    - React-jsi (= 0.70.15)
    - ReactCommon/turbomodule/core (= 0.70.15)
  - React-RCTBlob (0.70.15):
    - RCT-Folly (= 2021.07.22.00)
    - React-Codegen (= 0.70.15)
    - React-Core/RCTBlobHeaders (= 0.70.15)
    - React-Core/RCTWebSocket (= 0.70.15)
    - React-jsi (= 0.70.15)
    - React-RCTNetwork (= 0.70.15)
    - ReactCommon/turbomodule/core (= 0.70.15)
  - React-RCTImage (0.70.15):
    - RCT-Folly (= 2021.07.22.00)
    - RCTTypeSafety (= 0.70.15)
    - React-Codegen (= 0.70.15)
    - React-Core/RCTImageHeaders (= 0.70.15)
    - React-jsi (= 0.70.15)
    - React-RCTNetwork (= 0.70.15)
    - ReactCommon/turbomodule/core (= 0.70.15)
  - React-RCTLinking (0.70.15):
    - React-Codegen (= 0.70.15)
    - React-Core/RCTLinkingHeaders (= 0.70.15)
    - React-jsi (= 0.70.15)
    - ReactCommon/turbomodule/core (= 0.70.15)
  - React-RCTNetwork (0.70.15):
    - RCT-Folly (= 2021.07.22.00)
    - RCTTypeSafety (= 0.70.15)
    - React-Codegen (= 0.70.15)
    - React-Core/RCTNetworkHeaders (= 0.70.15)
    - React-jsi (= 0.70.15)
    - ReactCommon/turbomodule/core (= 0.70.15)
  - React-RCTSettings (0.70.15):
    - RCT-Folly (= 2021.07.22.00)
    - RCTTypeSafety (= 0.70.15)
    - React-Codegen (= 0.70.15)
    - React-Core/RCTSettingsHeaders (= 0.70.15)
    - React-jsi (= 0.70.15)
    - ReactCommon/turbomodule/core (= 0.70.15)
  - React-RCTText (0.70.15):
    - React-Core/RCTTextHeaders (= 0.70.15)
  - React-RCTVibration (0.70.15):
    - RCT-Folly (= 2021.07.22.00)
    - React-Codegen (= 0.70.15)
    - React-Core/RCTVibrationHeaders (= 0.70.15)
    - React-jsi (= 0.70.15)
    - ReactCommon/turbomodule/core (= 0.70.15)
  - React-runtimeexecutor (0.70.15):
    - React-jsi (= 0.70.15)
  - ReactCommon/turbomodule/core (0.70.15):
    - DoubleConversion
    - glog
    - RCT-Folly (= 2021.07.22.00)
    - React-bridging (= 0.70.15)
    - React-callinvoker (= 0.70.15)
    - React-Core (= 0.70.15)
    - React-cxxreact (= 0.70.15)
    - React-jsi (= 0.70.15)
    - React-logger (= 0.70.15)
    - React-perflogger (= 0.70.15)
  - RNLinearGradient (3.0.0-alpha.1):
    - React-Core
  - Yoga (1.14.0)

DEPENDENCIES:
  - boost (from `../node_modules/react-native/third-party-podspecs/boost.podspec`)
  - DoubleConversion (from `../node_modules/react-native/third-party-podspecs/DoubleConversion.podspec`)
  - FBLazyVector (from `../node_modules/react-native/Libraries/FBLazyVector`)
  - FBReactNativeSpec (from `../node_modules/react-native/React/FBReactNativeSpec`)
  - glog (from `../node_modules/react-native/third-party-podspecs/glog.podspec`)
  - hermes-engine (from `../node_modules/react-native/sdks/hermes/hermes-engine.podspec`)
  - libevent (~> 2.1.12)
  - RCT-Folly (from `../node_modules/react-native/third-party-podspecs/RCT-Folly.podspec`)
  - RCTRequired (from `../node_modules/react-native/Libraries/RCTRequired`)
  - RCTTypeSafety (from `../node_modules/react-native/Libraries/TypeSafety`)
  - React (from `../node_modules/react-native/`)
  - React-bridging (from `../node_modules/react-native/ReactCommon`)
  - React-callinvoker (from `../node_modules/react-native/ReactCommon/callinvoker`)
  - React-Codegen (from `build/generated/ios`)
  - React-Core (from `../node_modules/react-native/`)
  - React-Core/RCTWebSocket (from `../node_modules/react-native/`)
  - React-CoreModules (from `../node_modules/react-native/React/CoreModules`)
  - React-cxxreact (from `../node_modules/react-native/ReactCommon/cxxreact`)
  - React-hermes (from `../node_modules/react-native/ReactCommon/hermes`)
  - React-jsi (from `../node_modules/react-native/ReactCommon/jsi`)
  - React-jsiexecutor (from `../node_modules/react-native/ReactCommon/jsiexecutor`)
  - React-jsinspector (from `../node_modules/react-native/ReactCommon/jsinspector`)
  - React-logger (from `../node_modules/react-native/ReactCommon/logger`)
  - "react-native-slider (from `../node_modules/@react-native-community/slider`)"
  - React-perflogger (from `../node_modules/react-native/ReactCommon/reactperflogger`)
  - React-RCTActionSheet (from `../node_modules/react-native/Libraries/ActionSheetIOS`)
  - React-RCTAnimation (from `../node_modules/react-native/Libraries/NativeAnimation`)
  - React-RCTBlob (from `../node_modules/react-native/Libraries/Blob`)
  - React-RCTImage (from `../node_modules/react-native/Libraries/Image`)
  - React-RCTLinking (from `../node_modules/react-native/Libraries/LinkingIOS`)
  - React-RCTNetwork (from `../node_modules/react-native/Libraries/Network`)
  - React-RCTSettings (from `../node_modules/react-native/Libraries/Settings`)
  - React-RCTText (from `../node_modules/react-native/Libraries/Text`)
  - React-RCTVibration (from `../node_modules/react-native/Libraries/Vibration`)
  - React-runtimeexecutor (from `../node_modules/react-native/ReactCommon/runtimeexecutor`)
  - ReactCommon/turbomodule/core (from `../node_modules/react-native/ReactCommon`)
  - RNLinearGradient (from `../..`)
  - Yoga (from `../node_modules/react-native/ReactCommon/yoga`)

SPEC REPOS:
  trunk:
    - fmt
    - libevent

EXTERNAL SOURCES:
  boost:
    :podspec: "../node_modules/react-native/third-party-podspecs/boost.podspec"
  DoubleConversion:
    :podspec: "../node_modules/react-native/third-party-podspecs/DoubleConversion.podspec"
  FBLazyVector:
    :path: "../node_modules/react-native/Libraries/FBLazyVector"
  FBReactNativeSpec:
    :path: "../node_modules/react-native/React/FBReactNativeSpec"
  glog:
    :podspec: "../node_modules/react-native/third-party-podspecs/glog.podspec"
  hermes-engine:
    :podspec: "../node_modules/react-native/sdks/hermes/hermes-engine.podspec"
  RCT-Folly:
    :podspec: "../node_modules/react-native/third-party-podspecs/RCT-Folly.podspec"
  RCTRequired:
    :path: "../node_modules/react-native/Libraries/RCTRequired"
  RCTTypeSafety:
    :path: "../node_modules/react-native/Libraries/TypeSafety"
  React:
    :path: "../node_modules/react-native/"
  React-bridging:
    :path: "../node_modules/react-native/ReactCommon"
  React-callinvoker:
    :path: "../node_modules/react-native/ReactCommon/callinvoker"
  React-Codegen:
    :path: build/generated/ios
  React-Core:
    :path: "../node_modules/react-native/"
  React-CoreModules:
    :path: "../node_modules/react-native/React/CoreModules"
  React-cxxreact:
    :path: "../node_modules/react-native/ReactCommon/cxxreact"
  React-hermes:
    :path: "../node_modules/react-native/ReactCommon/hermes"
  React-jsi:
    :path: "../node_modules/react-native/ReactCommon/jsi"
  React-jsiexecutor:
    :path: "../node_modules/react-native/ReactCommon/jsiexecutor"
  React-jsinspector:
    :path: "../node_modules/react-native/ReactCommon/jsinspector"
  React-logger:
    :path: "../node_modules/react-native/ReactCommon/logger"
  react-native-slider:
    :path: "../node_modules/@react-native-community/slider"
  React-perflogger:
    :path: "../node_modules/react-native/ReactCommon/reactperflogger"
  React-RCTActionSheet:
    :path: "../node_modules/react-native/Libraries/ActionSheetIOS"
  React-RCTAnimation:
    :path: "../node_modules/react-native/Libraries/NativeAnimation"
  React-RCTBlob:
    :path: "../node_modules/react-native/Libraries/Blob"
  React-RCTImage:
    :path: "../node_modules/react-native/Libraries/Image"
  React-RCTLinking:
    :path: "../node_modules/react-native/Libraries/LinkingIOS"
  React-RCTNetwork:
    :path: "../node_modules/react-native/Libraries/Network"
  React-RCTSettings:
    :path: "../node_modules/react-native/Libraries/Settings"
  React-RCTText:
    :path: "../node_modules/react-native/Libraries/Text"
  React-RCTVibration:
    :path: "../node_modules/react-native/Libraries/Vibration"
  React-runtimeexecutor:
    :path: "../node_modules/react-native/ReactCommon/runtimeexecutor"
  ReactCommon:
    :path: "../node_modules/react-native/ReactCommon"
  RNLinearGradient:
    :path: "../.."
  Yoga:
    :path: "../node_modules/react-native/ReactCommon/yoga"

SPEC CHECKSUMS:
  boost: 9fa78656d705f55b1220151d997e57e2a3f2cde0
  DoubleConversion: 5189b271737e1565bdce30deb4a08d647e3f5f54
  FBLazyVector: 9cf707e46f9bd90816b7c91b2c1c8b8a2f549527
  FBReactNativeSpec: 5ce1ea97a4309ded19af6c21f13f63ee3cabfed2
  fmt: ff9d55029c625d3757ed641535fd4a75fedc7ce9
  glog: 04b94705f318337d7ead9e6d17c019bd9b1f6b1b
  hermes-engine: 2592781da1571e4375dfd897f9462638c2d0ceb9
  libevent: 4049cae6c81cdb3654a443be001fb9bdceff7913
  RCT-Folly: fd2673f5bfadb2a8173799b6965b892a67ae31d9
  RCTRequired: 2a96ea90ffddd10cc43115bd93803692e09b5d9a
  RCTTypeSafety: 02c99baddcf0b3393bf58e6d9b792e83a37716b4
  React: 45e3210df90d25ec6da7fc286943b377b63a92ec
  React-bridging: e3a18265bbd59003562e29429985e0923a5b6286
  React-callinvoker: 344ff205a470c3c99b4daf0a2dff9bc29045d6c5
  React-Codegen: 2b1765b0e1a38b8b3601178ca27c1e9216e81632
  React-Core: b6db729ece149a8eba28593b6b08e24558f9a303
  React-CoreModules: 4eb535b1650b718cb3680767c1b9a1cacf649cbc
  React-cxxreact: cc904c9a621922244d12fe38a85fc3cdab619fa7
  React-hermes: 3fac9c1f8438afc6733885d9e6abb47b5ae196c7
  React-jsi: ac97489adfc24154e3eb48286d39a0cdc67dfdb2
  React-jsiexecutor: a19d406388d34ec2f77e5f9b0976179bb71f38b5
  React-jsinspector: bfedded1f4f562d29c2d4a8bb795c9a150a739e4
  React-logger: 56142736969724ed81d3ea042a5ad2ef59bb2725
  react-native-slider: 3051c537444d711b566d1e4d681c6cd35081ae6f
  React-perflogger: 010e98d3335e5185a8f7496babca50d82a042e84
  React-RCTActionSheet: 0f585d684b540a5bbfc62b0a1fbc5292cff2aefc
  React-RCTAnimation: eb0e5b020333f9cc652d85f27a47086fbf56fffd
  React-RCTBlob: 4af18ad2a64515c3ede9b829e8532f1508e00894
  React-RCTImage: 08787efa5378ad0e7344943eed1b898619cf956a
  React-RCTLinking: ea7ec6fbfdb04df7895c39f15f0e7479acc43bca
  React-RCTNetwork: 926b436b6afada9905d969a8e3713cf204905a00
  React-RCTSettings: cc083c9b6e126b7e6ea1128e64837d8b78ceb219
  React-RCTText: c36ddf2bda5131b325e1c2763700f0a63a963e1d
  React-RCTVibration: 12a2a859fa22368d2fc3ca7594504fd130b91a18
  React-runtimeexecutor: 04332dda2f2335ea4ddaf9255de069d3269f4e8b
  ReactCommon: 71bb0be95c51fea8a5598980b6abb9517c2cfb03
  RNLinearGradient: a0eafd8fe26a81828e661dae7c24727c6c9554e3
  Yoga: d6134eb3d6e3675afc1d6d65ccb3169b60e21980

PODFILE CHECKSUM: 939cb4e1426d71cf4626b9cd73ece1c933be9590

COCOAPODS: 1.16.2
