PODS:
  - boost (1.76.0)
  - BVLinearGradient (2.7.3):
    - React-Core
  - DoubleConversion (1.1.6)
  - FBLazyVector (0.70.12)
  - FBReactNativeSpec (0.70.12):
    - RCT-Folly (= 2021.07.22.00)
    - RCTRequired (= 0.70.12)
    - RCTTypeSafety (= 0.70.12)
    - React-Core (= 0.70.12)
    - React-jsi (= 0.70.12)
    - ReactCommon/turbomodule/core (= 0.70.12)
  - fmt (6.2.1)
  - glog (0.3.5)
  - hermes-engine (0.70.12)
  - libevent (2.1.12)
  - RCT-Folly (2021.07.22.00):
    - boost
    - DoubleConversion
    - fmt (~> 6.2.1)
    - glog
    - RCT-Folly/Default (= 2021.07.22.00)
  - RCT-Folly/Default (2021.07.22.00):
    - boost
    - DoubleConversion
    - fmt (~> 6.2.1)
    - glog
  - RCT-Folly/Futures (2021.07.22.00):
    - boost
    - DoubleConversion
    - fmt (~> 6.2.1)
    - glog
    - libevent
  - RCTRequired (0.70.12)
  - RCTTypeSafety (0.70.12):
    - FBLazyVector (= 0.70.12)
    - RCTRequired (= 0.70.12)
    - React-Core (= 0.70.12)
  - React (0.70.12):
    - React-Core (= 0.70.12)
    - React-Core/DevSupport (= 0.70.12)
    - React-Core/RCTWebSocket (= 0.70.12)
    - React-RCTActionSheet (= 0.70.12)
    - React-RCTAnimation (= 0.70.12)
    - React-RCTBlob (= 0.70.12)
    - React-RCTImage (= 0.70.12)
    - React-RCTLinking (= 0.70.12)
    - React-RCTNetwork (= 0.70.12)
    - React-RCTSettings (= 0.70.12)
    - React-RCTText (= 0.70.12)
    - React-RCTVibration (= 0.70.12)
  - React-bridging (0.70.12):
    - RCT-Folly (= 2021.07.22.00)
    - React-jsi (= 0.70.12)
  - React-callinvoker (0.70.12)
  - React-Codegen (0.70.12):
    - FBReactNativeSpec (= 0.70.12)
    - RCT-Folly (= 2021.07.22.00)
    - RCTRequired (= 0.70.12)
    - RCTTypeSafety (= 0.70.12)
    - React-Core (= 0.70.12)
    - React-jsi (= 0.70.12)
    - React-jsiexecutor (= 0.70.12)
    - ReactCommon/turbomodule/core (= 0.70.12)
  - React-Core (0.70.12):
    - glog
    - RCT-Folly (= 2021.07.22.00)
    - React-Core/Default (= 0.70.12)
    - React-cxxreact (= 0.70.12)
    - React-jsi (= 0.70.12)
    - React-jsiexecutor (= 0.70.12)
    - React-perflogger (= 0.70.12)
    - Yoga
  - React-Core/CoreModulesHeaders (0.70.12):
    - glog
    - RCT-Folly (= 2021.07.22.00)
    - React-Core/Default
    - React-cxxreact (= 0.70.12)
    - React-jsi (= 0.70.12)
    - React-jsiexecutor (= 0.70.12)
    - React-perflogger (= 0.70.12)
    - Yoga
  - React-Core/Default (0.70.12):
    - glog
    - RCT-Folly (= 2021.07.22.00)
    - React-cxxreact (= 0.70.12)
    - React-jsi (= 0.70.12)
    - React-jsiexecutor (= 0.70.12)
    - React-perflogger (= 0.70.12)
    - Yoga
  - React-Core/DevSupport (0.70.12):
    - glog
    - RCT-Folly (= 2021.07.22.00)
    - React-Core/Default (= 0.70.12)
    - React-Core/RCTWebSocket (= 0.70.12)
    - React-cxxreact (= 0.70.12)
    - React-jsi (= 0.70.12)
    - React-jsiexecutor (= 0.70.12)
    - React-jsinspector (= 0.70.12)
    - React-perflogger (= 0.70.12)
    - Yoga
  - React-Core/RCTActionSheetHeaders (0.70.12):
    - glog
    - RCT-Folly (= 2021.07.22.00)
    - React-Core/Default
    - React-cxxreact (= 0.70.12)
    - React-jsi (= 0.70.12)
    - React-jsiexecutor (= 0.70.12)
    - React-perflogger (= 0.70.12)
    - Yoga
  - React-Core/RCTAnimationHeaders (0.70.12):
    - glog
    - RCT-Folly (= 2021.07.22.00)
    - React-Core/Default
    - React-cxxreact (= 0.70.12)
    - React-jsi (= 0.70.12)
    - React-jsiexecutor (= 0.70.12)
    - React-perflogger (= 0.70.12)
    - Yoga
  - React-Core/RCTBlobHeaders (0.70.12):
    - glog
    - RCT-Folly (= 2021.07.22.00)
    - React-Core/Default
    - React-cxxreact (= 0.70.12)
    - React-jsi (= 0.70.12)
    - React-jsiexecutor (= 0.70.12)
    - React-perflogger (= 0.70.12)
    - Yoga
  - React-Core/RCTImageHeaders (0.70.12):
    - glog
    - RCT-Folly (= 2021.07.22.00)
    - React-Core/Default
    - React-cxxreact (= 0.70.12)
    - React-jsi (= 0.70.12)
    - React-jsiexecutor (= 0.70.12)
    - React-perflogger (= 0.70.12)
    - Yoga
  - React-Core/RCTLinkingHeaders (0.70.12):
    - glog
    - RCT-Folly (= 2021.07.22.00)
    - React-Core/Default
    - React-cxxreact (= 0.70.12)
    - React-jsi (= 0.70.12)
    - React-jsiexecutor (= 0.70.12)
    - React-perflogger (= 0.70.12)
    - Yoga
  - React-Core/RCTNetworkHeaders (0.70.12):
    - glog
    - RCT-Folly (= 2021.07.22.00)
    - React-Core/Default
    - React-cxxreact (= 0.70.12)
    - React-jsi (= 0.70.12)
    - React-jsiexecutor (= 0.70.12)
    - React-perflogger (= 0.70.12)
    - Yoga
  - React-Core/RCTSettingsHeaders (0.70.12):
    - glog
    - RCT-Folly (= 2021.07.22.00)
    - React-Core/Default
    - React-cxxreact (= 0.70.12)
    - React-jsi (= 0.70.12)
    - React-jsiexecutor (= 0.70.12)
    - React-perflogger (= 0.70.12)
    - Yoga
  - React-Core/RCTTextHeaders (0.70.12):
    - glog
    - RCT-Folly (= 2021.07.22.00)
    - React-Core/Default
    - React-cxxreact (= 0.70.12)
    - React-jsi (= 0.70.12)
    - React-jsiexecutor (= 0.70.12)
    - React-perflogger (= 0.70.12)
    - Yoga
  - React-Core/RCTVibrationHeaders (0.70.12):
    - glog
    - RCT-Folly (= 2021.07.22.00)
    - React-Core/Default
    - React-cxxreact (= 0.70.12)
    - React-jsi (= 0.70.12)
    - React-jsiexecutor (= 0.70.12)
    - React-perflogger (= 0.70.12)
    - Yoga
  - React-Core/RCTWebSocket (0.70.12):
    - glog
    - RCT-Folly (= 2021.07.22.00)
    - React-Core/Default (= 0.70.12)
    - React-cxxreact (= 0.70.12)
    - React-jsi (= 0.70.12)
    - React-jsiexecutor (= 0.70.12)
    - React-perflogger (= 0.70.12)
    - Yoga
  - React-CoreModules (0.70.12):
    - RCT-Folly (= 2021.07.22.00)
    - RCTTypeSafety (= 0.70.12)
    - React-Codegen (= 0.70.12)
    - React-Core/CoreModulesHeaders (= 0.70.12)
    - React-jsi (= 0.70.12)
    - React-RCTImage (= 0.70.12)
    - ReactCommon/turbomodule/core (= 0.70.12)
  - React-cxxreact (0.70.12):
    - boost (= 1.76.0)
    - DoubleConversion
    - glog
    - RCT-Folly (= 2021.07.22.00)
    - React-callinvoker (= 0.70.12)
    - React-jsi (= 0.70.12)
    - React-jsinspector (= 0.70.12)
    - React-logger (= 0.70.12)
    - React-perflogger (= 0.70.12)
    - React-runtimeexecutor (= 0.70.12)
  - React-hermes (0.70.12):
    - DoubleConversion
    - glog
    - hermes-engine
    - RCT-Folly (= 2021.07.22.00)
    - RCT-Folly/Futures (= 2021.07.22.00)
    - React-cxxreact (= 0.70.12)
    - React-jsi (= 0.70.12)
    - React-jsiexecutor (= 0.70.12)
    - React-jsinspector (= 0.70.12)
    - React-perflogger (= 0.70.12)
  - React-jsi (0.70.12):
    - boost (= 1.76.0)
    - DoubleConversion
    - glog
    - RCT-Folly (= 2021.07.22.00)
    - React-jsi/Default (= 0.70.12)
  - React-jsi/Default (0.70.12):
    - boost (= 1.76.0)
    - DoubleConversion
    - glog
    - RCT-Folly (= 2021.07.22.00)
  - React-jsiexecutor (0.70.12):
    - DoubleConversion
    - glog
    - RCT-Folly (= 2021.07.22.00)
    - React-cxxreact (= 0.70.12)
    - React-jsi (= 0.70.12)
    - React-perflogger (= 0.70.12)
  - React-jsinspector (0.70.12)
  - React-logger (0.70.12):
    - glog
  - react-native-slider (4.4.2):
    - React-Core
  - React-perflogger (0.70.12)
  - React-RCTActionSheet (0.70.12):
    - React-Core/RCTActionSheetHeaders (= 0.70.12)
  - React-RCTAnimation (0.70.12):
    - RCT-Folly (= 2021.07.22.00)
    - RCTTypeSafety (= 0.70.12)
    - React-Codegen (= 0.70.12)
    - React-Core/RCTAnimationHeaders (= 0.70.12)
    - React-jsi (= 0.70.12)
    - ReactCommon/turbomodule/core (= 0.70.12)
  - React-RCTBlob (0.70.12):
    - RCT-Folly (= 2021.07.22.00)
    - React-Codegen (= 0.70.12)
    - React-Core/RCTBlobHeaders (= 0.70.12)
    - React-Core/RCTWebSocket (= 0.70.12)
    - React-jsi (= 0.70.12)
    - React-RCTNetwork (= 0.70.12)
    - ReactCommon/turbomodule/core (= 0.70.12)
  - React-RCTImage (0.70.12):
    - RCT-Folly (= 2021.07.22.00)
    - RCTTypeSafety (= 0.70.12)
    - React-Codegen (= 0.70.12)
    - React-Core/RCTImageHeaders (= 0.70.12)
    - React-jsi (= 0.70.12)
    - React-RCTNetwork (= 0.70.12)
    - ReactCommon/turbomodule/core (= 0.70.12)
  - React-RCTLinking (0.70.12):
    - React-Codegen (= 0.70.12)
    - React-Core/RCTLinkingHeaders (= 0.70.12)
    - React-jsi (= 0.70.12)
    - ReactCommon/turbomodule/core (= 0.70.12)
  - React-RCTNetwork (0.70.12):
    - RCT-Folly (= 2021.07.22.00)
    - RCTTypeSafety (= 0.70.12)
    - React-Codegen (= 0.70.12)
    - React-Core/RCTNetworkHeaders (= 0.70.12)
    - React-jsi (= 0.70.12)
    - ReactCommon/turbomodule/core (= 0.70.12)
  - React-RCTSettings (0.70.12):
    - RCT-Folly (= 2021.07.22.00)
    - RCTTypeSafety (= 0.70.12)
    - React-Codegen (= 0.70.12)
    - React-Core/RCTSettingsHeaders (= 0.70.12)
    - React-jsi (= 0.70.12)
    - ReactCommon/turbomodule/core (= 0.70.12)
  - React-RCTText (0.70.12):
    - React-Core/RCTTextHeaders (= 0.70.12)
  - React-RCTVibration (0.70.12):
    - RCT-Folly (= 2021.07.22.00)
    - React-Codegen (= 0.70.12)
    - React-Core/RCTVibrationHeaders (= 0.70.12)
    - React-jsi (= 0.70.12)
    - ReactCommon/turbomodule/core (= 0.70.12)
  - React-runtimeexecutor (0.70.12):
    - React-jsi (= 0.70.12)
  - ReactCommon/turbomodule/core (0.70.12):
    - DoubleConversion
    - glog
    - RCT-Folly (= 2021.07.22.00)
    - React-bridging (= 0.70.12)
    - React-callinvoker (= 0.70.12)
    - React-Core (= 0.70.12)
    - React-cxxreact (= 0.70.12)
    - React-jsi (= 0.70.12)
    - React-logger (= 0.70.12)
    - React-perflogger (= 0.70.12)
  - Yoga (1.14.0)

DEPENDENCIES:
  - boost (from `../node_modules/react-native/third-party-podspecs/boost.podspec`)
  - BVLinearGradient (from `../..`)
  - DoubleConversion (from `../node_modules/react-native/third-party-podspecs/DoubleConversion.podspec`)
  - FBLazyVector (from `../node_modules/react-native/Libraries/FBLazyVector`)
  - FBReactNativeSpec (from `../node_modules/react-native/React/FBReactNativeSpec`)
  - glog (from `../node_modules/react-native/third-party-podspecs/glog.podspec`)
  - hermes-engine (from `../node_modules/react-native/sdks/hermes/hermes-engine.podspec`)
  - libevent (~> 2.1.12)
  - RCT-Folly (from `../node_modules/react-native/third-party-podspecs/RCT-Folly.podspec`)
  - RCTRequired (from `../node_modules/react-native/Libraries/RCTRequired`)
  - RCTTypeSafety (from `../node_modules/react-native/Libraries/TypeSafety`)
  - React (from `../node_modules/react-native/`)
  - React-bridging (from `../node_modules/react-native/ReactCommon`)
  - React-callinvoker (from `../node_modules/react-native/ReactCommon/callinvoker`)
  - React-Codegen (from `build/generated/ios`)
  - React-Core (from `../node_modules/react-native/`)
  - React-Core/RCTWebSocket (from `../node_modules/react-native/`)
  - React-CoreModules (from `../node_modules/react-native/React/CoreModules`)
  - React-cxxreact (from `../node_modules/react-native/ReactCommon/cxxreact`)
  - React-hermes (from `../node_modules/react-native/ReactCommon/hermes`)
  - React-jsi (from `../node_modules/react-native/ReactCommon/jsi`)
  - React-jsiexecutor (from `../node_modules/react-native/ReactCommon/jsiexecutor`)
  - React-jsinspector (from `../node_modules/react-native/ReactCommon/jsinspector`)
  - React-logger (from `../node_modules/react-native/ReactCommon/logger`)
  - "react-native-slider (from `../node_modules/@react-native-community/slider`)"
  - React-perflogger (from `../node_modules/react-native/ReactCommon/reactperflogger`)
  - React-RCTActionSheet (from `../node_modules/react-native/Libraries/ActionSheetIOS`)
  - React-RCTAnimation (from `../node_modules/react-native/Libraries/NativeAnimation`)
  - React-RCTBlob (from `../node_modules/react-native/Libraries/Blob`)
  - React-RCTImage (from `../node_modules/react-native/Libraries/Image`)
  - React-RCTLinking (from `../node_modules/react-native/Libraries/LinkingIOS`)
  - React-RCTNetwork (from `../node_modules/react-native/Libraries/Network`)
  - React-RCTSettings (from `../node_modules/react-native/Libraries/Settings`)
  - React-RCTText (from `../node_modules/react-native/Libraries/Text`)
  - React-RCTVibration (from `../node_modules/react-native/Libraries/Vibration`)
  - React-runtimeexecutor (from `../node_modules/react-native/ReactCommon/runtimeexecutor`)
  - ReactCommon/turbomodule/core (from `../node_modules/react-native/ReactCommon`)
  - Yoga (from `../node_modules/react-native/ReactCommon/yoga`)

SPEC REPOS:
  trunk:
    - fmt
    - libevent

EXTERNAL SOURCES:
  boost:
    :podspec: "../node_modules/react-native/third-party-podspecs/boost.podspec"
  BVLinearGradient:
    :path: "../.."
  DoubleConversion:
    :podspec: "../node_modules/react-native/third-party-podspecs/DoubleConversion.podspec"
  FBLazyVector:
    :path: "../node_modules/react-native/Libraries/FBLazyVector"
  FBReactNativeSpec:
    :path: "../node_modules/react-native/React/FBReactNativeSpec"
  glog:
    :podspec: "../node_modules/react-native/third-party-podspecs/glog.podspec"
  hermes-engine:
    :podspec: "../node_modules/react-native/sdks/hermes/hermes-engine.podspec"
  RCT-Folly:
    :podspec: "../node_modules/react-native/third-party-podspecs/RCT-Folly.podspec"
  RCTRequired:
    :path: "../node_modules/react-native/Libraries/RCTRequired"
  RCTTypeSafety:
    :path: "../node_modules/react-native/Libraries/TypeSafety"
  React:
    :path: "../node_modules/react-native/"
  React-bridging:
    :path: "../node_modules/react-native/ReactCommon"
  React-callinvoker:
    :path: "../node_modules/react-native/ReactCommon/callinvoker"
  React-Codegen:
    :path: build/generated/ios
  React-Core:
    :path: "../node_modules/react-native/"
  React-CoreModules:
    :path: "../node_modules/react-native/React/CoreModules"
  React-cxxreact:
    :path: "../node_modules/react-native/ReactCommon/cxxreact"
  React-hermes:
    :path: "../node_modules/react-native/ReactCommon/hermes"
  React-jsi:
    :path: "../node_modules/react-native/ReactCommon/jsi"
  React-jsiexecutor:
    :path: "../node_modules/react-native/ReactCommon/jsiexecutor"
  React-jsinspector:
    :path: "../node_modules/react-native/ReactCommon/jsinspector"
  React-logger:
    :path: "../node_modules/react-native/ReactCommon/logger"
  react-native-slider:
    :path: "../node_modules/@react-native-community/slider"
  React-perflogger:
    :path: "../node_modules/react-native/ReactCommon/reactperflogger"
  React-RCTActionSheet:
    :path: "../node_modules/react-native/Libraries/ActionSheetIOS"
  React-RCTAnimation:
    :path: "../node_modules/react-native/Libraries/NativeAnimation"
  React-RCTBlob:
    :path: "../node_modules/react-native/Libraries/Blob"
  React-RCTImage:
    :path: "../node_modules/react-native/Libraries/Image"
  React-RCTLinking:
    :path: "../node_modules/react-native/Libraries/LinkingIOS"
  React-RCTNetwork:
    :path: "../node_modules/react-native/Libraries/Network"
  React-RCTSettings:
    :path: "../node_modules/react-native/Libraries/Settings"
  React-RCTText:
    :path: "../node_modules/react-native/Libraries/Text"
  React-RCTVibration:
    :path: "../node_modules/react-native/Libraries/Vibration"
  React-runtimeexecutor:
    :path: "../node_modules/react-native/ReactCommon/runtimeexecutor"
  ReactCommon:
    :path: "../node_modules/react-native/ReactCommon"
  Yoga:
    :path: "../node_modules/react-native/ReactCommon/yoga"

SPEC CHECKSUMS:
  boost: a7c83b31436843459a1961bfd74b96033dc77234
  BVLinearGradient: fbe308a1d19a8133f69e033abc85d8008644f5e3
  DoubleConversion: 5189b271737e1565bdce30deb4a08d647e3f5f54
  FBLazyVector: ad10768c7e516954e6f26b7e923eb27cda4f9895
  FBReactNativeSpec: e957ece605f33719f85d08ebb85bc862e968098b
  fmt: ff9d55029c625d3757ed641535fd4a75fedc7ce9
  glog: 04b94705f318337d7ead9e6d17c019bd9b1f6b1b
  hermes-engine: 9ae9c0a1ad0ca69b7e3abc1533b6beb01a3ba4ef
  libevent: 4049cae6c81cdb3654a443be001fb9bdceff7913
  RCT-Folly: 0080d0a6ebf2577475bda044aa59e2ca1f909cda
  RCTRequired: 1ec311d9574032834439a18d3bffcaa3b55109a7
  RCTTypeSafety: 711ee78f0aedbc3cd2870c4a838b1e332470d1fd
  React: 04bbca489deec39a10ff9b671fdfc28f390b18d4
  React-bridging: 9873291a42e92403d6819498b9eda22ab8f1330d
  React-callinvoker: a24dfff19ecf1c7afe283c21783f9266a05452a1
  React-Codegen: 9c8c438b22697f336d4b07018beda7b29fe20059
  React-Core: e6d02d5186afb4c53fe9a72f46b19bee06289007
  React-CoreModules: 9a183975c84272bde87e949a66192857efa82c68
  React-cxxreact: 6993f3ad248e69f03a0a4b55cf94d3e3d7457c29
  React-hermes: 077da24641ea4b63a137e0d2ba98e67f48f5eb7a
  React-jsi: da00dbc79cbb1a9d45a7a0f957a89601b5c75e14
  React-jsiexecutor: 8ab6379cd3abec21019c9fed3c506750f905bb3c
  React-jsinspector: ffb090a5d57aab834dee2791b1867a17bf37f26f
  React-logger: 00be0dc9dacb7b23f3ab4d78aadccb4b72f24b31
  react-native-slider: 33b8d190b59d4f67a541061bb91775d53d617d9d
  React-perflogger: c0b9c0ab8cbaf732694cd776645b3161d128784d
  React-RCTActionSheet: c2b26d0be4e6e48ed6b4666345da16c8f7933b7b
  React-RCTAnimation: cc36ff278cd41365c98eeec3c8d1fa86e2fc2392
  React-RCTBlob: 648b946caa1daaf4f7fef1c2e6ed64d8b658598c
  React-RCTImage: 9e57ebc138ac6df26d5382a3de644a80b74806e9
  React-RCTLinking: 0f23d86615eb7782cd59703ff476be9f278ada00
  React-RCTNetwork: bedf8874619b6b21b30085eb6562be280c481a1b
  React-RCTSettings: 969e0d42aca4b4965fad006fc835d67b30be03a8
  React-RCTText: bfff536e94ff407cf53470f271ba50976768fa50
  React-RCTVibration: 89e72d020ee2848022ee214f0542facafe91110a
  React-runtimeexecutor: 6bedb63b3de0c5c3bb3cc44595431e2a91c24da2
  ReactCommon: 2642dd48fe3def7738d85f747c05fdd8c3a47950
  Yoga: bb774af243598f7f860127c6e9ac7b62fb6519c4

PODFILE CHECKSUM: 939cb4e1426d71cf4626b9cd73ece1c933be9590

COCOAPODS: 1.12.1
